{
	"name": "lumiastream-socket-demo-js",
	"version": "1.0.0",
	"lockfileVersion": 1,
	"requires": true,
	"dependencies": {
		"sockette": {
			"version": "2.0.6",
			"resolved": "https://registry.npmjs.org/sockette/-/sockette-2.0.6.tgz",
			"integrity": "sha512-W6iG8RGV6Zife3Cj+FhuyHV447E6fqFM2hKmnaQrTvg3OydINV3Msj3WPFbX76blUlUxvQSMMMdrJxce8NqI5Q=="
		},
		"ws": {
			"version": "8.2.2",
			"resolved": "https://registry.npmjs.org/ws/-/ws-8.2.2.tgz",
			"integrity": "sha512-Q6B6H2oc8QY3llc3cB8kVmQ6pnJWVQbP7Q5algTcIxx7YEpc0oU4NBVHlztA7Ekzfhw2r0rPducMUiCGWKQRzw==",
			"optional": true
		}
	}
}
